
Microsoft Visual Studio Solution File, Format Version 12.00
# Visual Studio Version 17
VisualStudioVersion = 17.4.33213.308
MinimumVisualStudioVersion = 10.0.40219.1
Project("{FAE04EC0-301F-11D3-BF4B-00C04F79EFBC}") = "Week9", "Week9\Week9.csproj", "{C5B5B872-7BD0-43BA-9061-EED28CFDC01A}"
EndProject
Global
	GlobalSection(SolutionConfigurationPlatforms) = preSolution
		Debug|Any CPU = Debug|Any CPU
		Release|Any CPU = Release|Any CPU
	EndGlobalSection
	GlobalSection(ProjectConfigurationPlatforms) = postSolution
		{C5B5B872-7BD0-43BA-9061-EED28CFDC01A}.Debug|Any CPU.ActiveCfg = Debug|Any CPU
		{C5B5B872-7BD0-43BA-9061-EED28CFDC01A}.Debug|Any CPU.Build.0 = Debug|Any CPU
		{C5B5B872-7BD0-43BA-9061-EED28CFDC01A}.Release|Any CPU.ActiveCfg = Release|Any CPU
		{C5B5B872-7BD0-43BA-9061-EED28CFDC01A}.Release|Any CPU.Build.0 = Release|Any CPU
	EndGlobalSection
	GlobalSection(SolutionProperties) = preSolution
		HideSolutionNode = FALSE
	EndGlobalSection
	GlobalSection(ExtensibilityGlobals) = postSolution
		SolutionGuid = {1A080DCA-5673-41E4-BB7A-DF7AAC5674D6}
	EndGlobalSection
EndGlobal
